
Microsoft Visual Studio Solution File, Format Version 12.00
# Visual Studio Version 17
VisualStudioVersion = 17.11.35327.3
MinimumVisualStudioVersion = 10.0.40219.1
Project("{FAE04EC0-301F-11D3-BF4B-00C04F79EFBC}") = "Lab8_Activity1", "Lab8_Activity1\Lab8_Activity1.csproj", "{8E754097-46A6-4B7B-9566-AB409CAF6FE9}"
EndProject
Global
	GlobalSection(SolutionConfigurationPlatforms) = preSolution
		Debug|Any CPU = Debug|Any CPU
		Release|Any CPU = Release|Any CPU
	EndGlobalSection
	GlobalSection(ProjectConfigurationPlatforms) = postSolution
		{8E754097-46A6-4B7B-9566-AB409CAF6FE9}.Debug|Any CPU.ActiveCfg = Debug|Any CPU
		{8E754097-46A6-4B7B-9566-AB409CAF6FE9}.Debug|Any CPU.Build.0 = Debug|Any CPU
		{8E754097-46A6-4B7B-9566-AB409CAF6FE9}.Release|Any CPU.ActiveCfg = Release|Any CPU
		{8E754097-46A6-4B7B-9566-AB409CAF6FE9}.Release|Any CPU.Build.0 = Release|Any CPU
	EndGlobalSection
	GlobalSection(SolutionProperties) = preSolution
		HideSolutionNode = FALSE
	EndGlobalSection
	GlobalSection(ExtensibilityGlobals) = postSolution
		SolutionGuid = {29BD5244-152F-4C69-BB5A-CCB694462E44}
	EndGlobalSection
EndGlobal
