
Microsoft Visual Studio Solution File, Format Version 12.00
# Visual Studio Version 17
VisualStudioVersion = 17.11.35312.102
MinimumVisualStudioVersion = 10.0.40219.1
Project("{FAE04EC0-301F-11D3-BF4B-00C04F79EFBC}") = "233536_VISUAL_PROGARMMING_ASSIGNMENT_02", "233536_VISUAL_PROGARMMING_ASSIGNMENT_02\233536_VISUAL_PROGARMMING_ASSIGNMENT_02.csproj", "{B61AD133-5EB1-468D-A15A-A78E4D777EC4}"
EndProject
Global
	GlobalSection(SolutionConfigurationPlatforms) = preSolution
		Debug|Any CPU = Debug|Any CPU
		Release|Any CPU = Release|Any CPU
	EndGlobalSection
	GlobalSection(ProjectConfigurationPlatforms) = postSolution
		{B61AD133-5EB1-468D-A15A-A78E4D777EC4}.Debug|Any CPU.ActiveCfg = Debug|Any CPU
		{B61AD133-5EB1-468D-A15A-A78E4D777EC4}.Debug|Any CPU.Build.0 = Debug|Any CPU
		{B61AD133-5EB1-468D-A15A-A78E4D777EC4}.Release|Any CPU.ActiveCfg = Release|Any CPU
		{B61AD133-5EB1-468D-A15A-A78E4D777EC4}.Release|Any CPU.Build.0 = Release|Any CPU
	EndGlobalSection
	GlobalSection(SolutionProperties) = preSolution
		HideSolutionNode = FALSE
	EndGlobalSection
	GlobalSection(ExtensibilityGlobals) = postSolution
		SolutionGuid = {DB7D232B-728E-41DE-8F8F-969F03537EA3}
	EndGlobalSection
EndGlobal
