
Microsoft Visual Studio Solution File, Format Version 12.00
# Visual Studio Version 17
VisualStudioVersion = 17.11.35327.3
MinimumVisualStudioVersion = 10.0.40219.1
Project("{FAE04EC0-301F-11D3-BF4B-00C04F79EFBC}") = "lab7_Task6", "lab7_Task6\lab7_Task6.csproj", "{EF097ADC-4BDF-4818-8A22-1EF12170740E}"
EndProject
Global
	GlobalSection(SolutionConfigurationPlatforms) = preSolution
		Debug|Any CPU = Debug|Any CPU
		Release|Any CPU = Release|Any CPU
	EndGlobalSection
	GlobalSection(ProjectConfigurationPlatforms) = postSolution
		{EF097ADC-4BDF-4818-8A22-1EF12170740E}.Debug|Any CPU.ActiveCfg = Debug|Any CPU
		{EF097ADC-4BDF-4818-8A22-1EF12170740E}.Debug|Any CPU.Build.0 = Debug|Any CPU
		{EF097ADC-4BDF-4818-8A22-1EF12170740E}.Release|Any CPU.ActiveCfg = Release|Any CPU
		{EF097ADC-4BDF-4818-8A22-1EF12170740E}.Release|Any CPU.Build.0 = Release|Any CPU
	EndGlobalSection
	GlobalSection(SolutionProperties) = preSolution
		HideSolutionNode = FALSE
	EndGlobalSection
	GlobalSection(ExtensibilityGlobals) = postSolution
		SolutionGuid = {D95ABBFC-EC56-4368-85BD-D893FE833B6C}
	EndGlobalSection
EndGlobal
