
Microsoft Visual Studio Solution File, Format Version 12.00
# Visual Studio Version 17
VisualStudioVersion = 17.11.35327.3
MinimumVisualStudioVersion = 10.0.40219.1
Project("{FAE04EC0-301F-11D3-BF4B-00C04F79EFBC}") = "visualLab11_Task1", "visualLab11_Task1\visualLab11_Task1.csproj", "{ACF1D201-1C57-4904-BB5A-83D537FC2171}"
EndProject
Global
	GlobalSection(SolutionConfigurationPlatforms) = preSolution
		Debug|Any CPU = Debug|Any CPU
		Release|Any CPU = Release|Any CPU
	EndGlobalSection
	GlobalSection(ProjectConfigurationPlatforms) = postSolution
		{ACF1D201-1C57-4904-BB5A-83D537FC2171}.Debug|Any CPU.ActiveCfg = Debug|Any CPU
		{ACF1D201-1C57-4904-BB5A-83D537FC2171}.Debug|Any CPU.Build.0 = Debug|Any CPU
		{ACF1D201-1C57-4904-BB5A-83D537FC2171}.Release|Any CPU.ActiveCfg = Release|Any CPU
		{ACF1D201-1C57-4904-BB5A-83D537FC2171}.Release|Any CPU.Build.0 = Release|Any CPU
	EndGlobalSection
	GlobalSection(SolutionProperties) = preSolution
		HideSolutionNode = FALSE
	EndGlobalSection
	GlobalSection(ExtensibilityGlobals) = postSolution
		SolutionGuid = {2668A5C1-3A24-4F0E-8F49-043A4E8171E3}
	EndGlobalSection
EndGlobal
