
Microsoft Visual Studio Solution File, Format Version 12.00
# Visual Studio Version 17
VisualStudioVersion = 17.11.35327.3
MinimumVisualStudioVersion = 10.0.40219.1
Project("{FAE04EC0-301F-11D3-BF4B-00C04F79EFBC}") = "Lab12", "Lab12\Lab12.csproj", "{4C2ACFC0-3589-442A-AD81-DDCF6CEB2507}"
EndProject
Global
	GlobalSection(SolutionConfigurationPlatforms) = preSolution
		Debug|Any CPU = Debug|Any CPU
		Release|Any CPU = Release|Any CPU
	EndGlobalSection
	GlobalSection(ProjectConfigurationPlatforms) = postSolution
		{4C2ACFC0-3589-442A-AD81-DDCF6CEB2507}.Debug|Any CPU.ActiveCfg = Debug|Any CPU
		{4C2ACFC0-3589-442A-AD81-DDCF6CEB2507}.Debug|Any CPU.Build.0 = Debug|Any CPU
		{4C2ACFC0-3589-442A-AD81-DDCF6CEB2507}.Release|Any CPU.ActiveCfg = Release|Any CPU
		{4C2ACFC0-3589-442A-AD81-DDCF6CEB2507}.Release|Any CPU.Build.0 = Release|Any CPU
	EndGlobalSection
	GlobalSection(SolutionProperties) = preSolution
		HideSolutionNode = FALSE
	EndGlobalSection
	GlobalSection(ExtensibilityGlobals) = postSolution
		SolutionGuid = {2E377BBB-33FC-4EF0-9F54-090B58D327AA}
	EndGlobalSection
EndGlobal
