
Microsoft Visual Studio Solution File, Format Version 12.00
# Visual Studio Version 17
VisualStudioVersion = 17.11.35327.3
MinimumVisualStudioVersion = 10.0.40219.1
Project("{FAE04EC0-301F-11D3-BF4B-00C04F79EFBC}") = "lab7_task3", "lab7_task3\lab7_task3.csproj", "{99D5AB7E-7D76-406B-AC54-69BE00EF6CDF}"
EndProject
Global
	GlobalSection(SolutionConfigurationPlatforms) = preSolution
		Debug|Any CPU = Debug|Any CPU
		Release|Any CPU = Release|Any CPU
	EndGlobalSection
	GlobalSection(ProjectConfigurationPlatforms) = postSolution
		{99D5AB7E-7D76-406B-AC54-69BE00EF6CDF}.Debug|Any CPU.ActiveCfg = Debug|Any CPU
		{99D5AB7E-7D76-406B-AC54-69BE00EF6CDF}.Debug|Any CPU.Build.0 = Debug|Any CPU
		{99D5AB7E-7D76-406B-AC54-69BE00EF6CDF}.Release|Any CPU.ActiveCfg = Release|Any CPU
		{99D5AB7E-7D76-406B-AC54-69BE00EF6CDF}.Release|Any CPU.Build.0 = Release|Any CPU
	EndGlobalSection
	GlobalSection(SolutionProperties) = preSolution
		HideSolutionNode = FALSE
	EndGlobalSection
	GlobalSection(ExtensibilityGlobals) = postSolution
		SolutionGuid = {986DAE57-4BA7-481C-BF87-516E43796C83}
	EndGlobalSection
EndGlobal
