
Microsoft Visual Studio Solution File, Format Version 12.00
# Visual Studio Version 17
VisualStudioVersion = 17.11.35327.3
MinimumVisualStudioVersion = 10.0.40219.1
Project("{FAE04EC0-301F-11D3-BF4B-00C04F79EFBC}") = "lab07_activity2", "lab07_activity2\lab07_activity2.csproj", "{9E190396-F1E2-4A94-A343-BDD7266EA49B}"
EndProject
Global
	GlobalSection(SolutionConfigurationPlatforms) = preSolution
		Debug|Any CPU = Debug|Any CPU
		Release|Any CPU = Release|Any CPU
	EndGlobalSection
	GlobalSection(ProjectConfigurationPlatforms) = postSolution
		{9E190396-F1E2-4A94-A343-BDD7266EA49B}.Debug|Any CPU.ActiveCfg = Debug|Any CPU
		{9E190396-F1E2-4A94-A343-BDD7266EA49B}.Debug|Any CPU.Build.0 = Debug|Any CPU
		{9E190396-F1E2-4A94-A343-BDD7266EA49B}.Release|Any CPU.ActiveCfg = Release|Any CPU
		{9E190396-F1E2-4A94-A343-BDD7266EA49B}.Release|Any CPU.Build.0 = Release|Any CPU
	EndGlobalSection
	GlobalSection(SolutionProperties) = preSolution
		HideSolutionNode = FALSE
	EndGlobalSection
	GlobalSection(ExtensibilityGlobals) = postSolution
		SolutionGuid = {0210FB28-F191-411E-B6F8-7DE7F70B5257}
	EndGlobalSection
EndGlobal
