
Microsoft Visual Studio Solution File, Format Version 12.00
# Visual Studio Version 17
VisualStudioVersion = 17.11.35312.102
MinimumVisualStudioVersion = 10.0.40219.1
Project("{FAE04EC0-301F-11D3-BF4B-00C04F79EFBC}") = "DatetimePicker_MonthCalendar_PictureBox", "DatetimePicker_MonthCalendar_PictureBox\DatetimePicker_MonthCalendar_PictureBox.csproj", "{CD87DCBF-DA4E-4601-B8EE-B88346CCAAE9}"
EndProject
Global
	GlobalSection(SolutionConfigurationPlatforms) = preSolution
		Debug|Any CPU = Debug|Any CPU
		Release|Any CPU = Release|Any CPU
	EndGlobalSection
	GlobalSection(ProjectConfigurationPlatforms) = postSolution
		{CD87DCBF-DA4E-4601-B8EE-B88346CCAAE9}.Debug|Any CPU.ActiveCfg = Debug|Any CPU
		{CD87DCBF-DA4E-4601-B8EE-B88346CCAAE9}.Debug|Any CPU.Build.0 = Debug|Any CPU
		{CD87DCBF-DA4E-4601-B8EE-B88346CCAAE9}.Release|Any CPU.ActiveCfg = Release|Any CPU
		{CD87DCBF-DA4E-4601-B8EE-B88346CCAAE9}.Release|Any CPU.Build.0 = Release|Any CPU
	EndGlobalSection
	GlobalSection(SolutionProperties) = preSolution
		HideSolutionNode = FALSE
	EndGlobalSection
	GlobalSection(ExtensibilityGlobals) = postSolution
		SolutionGuid = {90016EC3-C525-4FF4-99AE-7ED489A77AA9}
	EndGlobalSection
EndGlobal
