
Microsoft Visual Studio Solution File, Format Version 12.00
# Visual Studio Version 17
VisualStudioVersion = 17.11.35327.3
MinimumVisualStudioVersion = 10.0.40219.1
Project("{FAE04EC0-301F-11D3-BF4B-00C04F79EFBC}") = "lab6", "lab6\lab6.csproj", "{F8ECB0B0-6BEF-42DB-88C5-BA9506C17A34}"
EndProject
Global
	GlobalSection(SolutionConfigurationPlatforms) = preSolution
		Debug|Any CPU = Debug|Any CPU
		Release|Any CPU = Release|Any CPU
	EndGlobalSection
	GlobalSection(ProjectConfigurationPlatforms) = postSolution
		{F8ECB0B0-6BEF-42DB-88C5-BA9506C17A34}.Debug|Any CPU.ActiveCfg = Debug|Any CPU
		{F8ECB0B0-6BEF-42DB-88C5-BA9506C17A34}.Debug|Any CPU.Build.0 = Debug|Any CPU
		{F8ECB0B0-6BEF-42DB-88C5-BA9506C17A34}.Release|Any CPU.ActiveCfg = Release|Any CPU
		{F8ECB0B0-6BEF-42DB-88C5-BA9506C17A34}.Release|Any CPU.Build.0 = Release|Any CPU
	EndGlobalSection
	GlobalSection(SolutionProperties) = preSolution
		HideSolutionNode = FALSE
	EndGlobalSection
	GlobalSection(ExtensibilityGlobals) = postSolution
		SolutionGuid = {4B843F18-38F9-46E0-B390-2CC053EB9DBC}
	EndGlobalSection
EndGlobal
